
Microsoft Visual Studio Solution File, Format Version 12.00
# Visual Studio Version 16
VisualStudioVersion = 16.0.30907.101
MinimumVisualStudioVersion = 10.0.40219.1
Project("{FAE04EC0-301F-11D3-BF4B-00C04F79EFBC}") = "3DES", "3DES.csproj", "{51BAE382-65E8-48DA-8D91-13E38EEB0327}"
EndProject
Global
	GlobalSection(SolutionConfigurationPlatforms) = preSolution
		Debug|Any CPU = Debug|Any CPU
		Release|Any CPU = Release|Any CPU
	EndGlobalSection
	GlobalSection(ProjectConfigurationPlatforms) = postSolution
		{51BAE382-65E8-48DA-8D91-13E38EEB0327}.Debug|Any CPU.ActiveCfg = Debug|Any CPU
		{51BAE382-65E8-48DA-8D91-13E38EEB0327}.Debug|Any CPU.Build.0 = Debug|Any CPU
		{51BAE382-65E8-48DA-8D91-13E38EEB0327}.Release|Any CPU.ActiveCfg = Release|Any CPU
		{51BAE382-65E8-48DA-8D91-13E38EEB0327}.Release|Any CPU.Build.0 = Release|Any CPU
	EndGlobalSection
	GlobalSection(SolutionProperties) = preSolution
		HideSolutionNode = FALSE
	EndGlobalSection
	GlobalSection(ExtensibilityGlobals) = postSolution
		SolutionGuid = {C3785409-D57D-4401-8EA4-90D026C00DE9}
	EndGlobalSection
EndGlobal
